
Microsoft Visual Studio Solution File, Format Version 12.00
# Visual Studio Version 17
VisualStudioVersion = 17.0.31903.59
MinimumVisualStudioVersion = 10.0.40219.1
Project("{FAE04EC0-301F-11D3-BF4B-00C04F79EFBC}") = "AbstractFactory.Demo", "AbstractFactory.Demo\AbstractFactory.Demo.csproj", "{6DCE86CB-18BA-4330-8B6E-AE8D26C40657}"
EndProject
Global
	GlobalSection(SolutionConfigurationPlatforms) = preSolution
		Debug|Any CPU = Debug|Any CPU
		Release|Any CPU = Release|Any CPU
	EndGlobalSection
	GlobalSection(SolutionProperties) = preSolution
		HideSolutionNode = FALSE
	EndGlobalSection
	GlobalSection(ProjectConfigurationPlatforms) = postSolution
		{09F7D04C-5778-4F57-9A7C-4BDA71451D8F}.Debug|Any CPU.ActiveCfg = Debug|Any CPU
		{09F7D04C-5778-4F57-9A7C-4BDA71451D8F}.Debug|Any CPU.Build.0 = Debug|Any CPU
		{09F7D04C-5778-4F57-9A7C-4BDA71451D8F}.Release|Any CPU.ActiveCfg = Release|Any CPU
		{09F7D04C-5778-4F57-9A7C-4BDA71451D8F}.Release|Any CPU.Build.0 = Release|Any CPU
		{6DCE86CB-18BA-4330-8B6E-AE8D26C40657}.Debug|Any CPU.ActiveCfg = Debug|Any CPU
		{6DCE86CB-18BA-4330-8B6E-AE8D26C40657}.Debug|Any CPU.Build.0 = Debug|Any CPU
		{6DCE86CB-18BA-4330-8B6E-AE8D26C40657}.Release|Any CPU.ActiveCfg = Release|Any CPU
		{6DCE86CB-18BA-4330-8B6E-AE8D26C40657}.Release|Any CPU.Build.0 = Release|Any CPU
	EndGlobalSection
EndGlobal
